
Microsoft Visual Studio Solution File, Format Version 12.00
# Visual Studio Version 17
VisualStudioVersion = 17.5.33502.453
MinimumVisualStudioVersion = 10.0.40219.1
Project("{FAE04EC0-301F-11D3-BF4B-00C04F79EFBC}") = "App1.Android", "App1\App1.Android\App1.Android.csproj", "{2AEDEBB8-0973-456F-AABC-27E2FCBEA792}"
EndProject
Project("{FAE04EC0-301F-11D3-BF4B-00C04F79EFBC}") = "App1.iOS", "App1\App1.iOS\App1.iOS.csproj", "{82E7D0CB-FDF1-4712-BEF4-E571EE9AADD6}"
EndProject
Project("{FAE04EC0-301F-11D3-BF4B-00C04F79EFBC}") = "App1", "App1\App1\App1.csproj", "{DCA59F60-9FAB-4BD7-BDE4-E55904B15098}"
EndProject
Global
	GlobalSection(SolutionConfigurationPlatforms) = preSolution
		Debug|Any CPU = Debug|Any CPU
		Debug|iPhone = Debug|iPhone
		Debug|iPhoneSimulator = Debug|iPhoneSimulator
		Release|Any CPU = Release|Any CPU
		Release|iPhone = Release|iPhone
		Release|iPhoneSimulator = Release|iPhoneSimulator
	EndGlobalSection
	GlobalSection(ProjectConfigurationPlatforms) = postSolution
		{2AEDEBB8-0973-456F-AABC-27E2FCBEA792}.Debug|Any CPU.ActiveCfg = Debug|Any CPU
		{2AEDEBB8-0973-456F-AABC-27E2FCBEA792}.Debug|Any CPU.Build.0 = Debug|Any CPU
		{2AEDEBB8-0973-456F-AABC-27E2FCBEA792}.Debug|Any CPU.Deploy.0 = Debug|Any CPU
		{2AEDEBB8-0973-456F-AABC-27E2FCBEA792}.Debug|iPhone.ActiveCfg = Debug|Any CPU
		{2AEDEBB8-0973-456F-AABC-27E2FCBEA792}.Debug|iPhone.Build.0 = Debug|Any CPU
		{2AEDEBB8-0973-456F-AABC-27E2FCBEA792}.Debug|iPhone.Deploy.0 = Debug|Any CPU
		{2AEDEBB8-0973-456F-AABC-27E2FCBEA792}.Debug|iPhoneSimulator.ActiveCfg = Debug|Any CPU
		{2AEDEBB8-0973-456F-AABC-27E2FCBEA792}.Debug|iPhoneSimulator.Build.0 = Debug|Any CPU
		{2AEDEBB8-0973-456F-AABC-27E2FCBEA792}.Debug|iPhoneSimulator.Deploy.0 = Debug|Any CPU
		{2AEDEBB8-0973-456F-AABC-27E2FCBEA792}.Release|Any CPU.ActiveCfg = Release|Any CPU
		{2AEDEBB8-0973-456F-AABC-27E2FCBEA792}.Release|Any CPU.Build.0 = Release|Any CPU
		{2AEDEBB8-0973-456F-AABC-27E2FCBEA792}.Release|Any CPU.Deploy.0 = Release|Any CPU
		{2AEDEBB8-0973-456F-AABC-27E2FCBEA792}.Release|iPhone.ActiveCfg = Release|Any CPU
		{2AEDEBB8-0973-456F-AABC-27E2FCBEA792}.Release|iPhone.Build.0 = Release|Any CPU
		{2AEDEBB8-0973-456F-AABC-27E2FCBEA792}.Release|iPhone.Deploy.0 = Release|Any CPU
		{2AEDEBB8-0973-456F-AABC-27E2FCBEA792}.Release|iPhoneSimulator.ActiveCfg = Release|Any CPU
		{2AEDEBB8-0973-456F-AABC-27E2FCBEA792}.Release|iPhoneSimulator.Build.0 = Release|Any CPU
		{2AEDEBB8-0973-456F-AABC-27E2FCBEA792}.Release|iPhoneSimulator.Deploy.0 = Release|Any CPU
		{82E7D0CB-FDF1-4712-BEF4-E571EE9AADD6}.Debug|Any CPU.ActiveCfg = Debug|iPhone
		{82E7D0CB-FDF1-4712-BEF4-E571EE9AADD6}.Debug|Any CPU.Build.0 = Debug|iPhone
		{82E7D0CB-FDF1-4712-BEF4-E571EE9AADD6}.Debug|Any CPU.Deploy.0 = Debug|iPhone
		{82E7D0CB-FDF1-4712-BEF4-E571EE9AADD6}.Debug|iPhone.ActiveCfg = Debug|iPhone
		{82E7D0CB-FDF1-4712-BEF4-E571EE9AADD6}.Debug|iPhone.Build.0 = Debug|iPhone
		{82E7D0CB-FDF1-4712-BEF4-E571EE9AADD6}.Debug|iPhone.Deploy.0 = Debug|iPhone
		{82E7D0CB-FDF1-4712-BEF4-E571EE9AADD6}.Debug|iPhoneSimulator.ActiveCfg = Debug|iPhoneSimulator
		{82E7D0CB-FDF1-4712-BEF4-E571EE9AADD6}.Debug|iPhoneSimulator.Build.0 = Debug|iPhoneSimulator
		{82E7D0CB-FDF1-4712-BEF4-E571EE9AADD6}.Debug|iPhoneSimulator.Deploy.0 = Debug|iPhoneSimulator
		{82E7D0CB-FDF1-4712-BEF4-E571EE9AADD6}.Release|Any CPU.ActiveCfg = Release|iPhoneSimulator
		{82E7D0CB-FDF1-4712-BEF4-E571EE9AADD6}.Release|Any CPU.Build.0 = Release|iPhoneSimulator
		{82E7D0CB-FDF1-4712-BEF4-E571EE9AADD6}.Release|Any CPU.Deploy.0 = Release|iPhoneSimulator
		{82E7D0CB-FDF1-4712-BEF4-E571EE9AADD6}.Release|iPhone.ActiveCfg = Release|iPhone
		{82E7D0CB-FDF1-4712-BEF4-E571EE9AADD6}.Release|iPhone.Build.0 = Release|iPhone
		{82E7D0CB-FDF1-4712-BEF4-E571EE9AADD6}.Release|iPhone.Deploy.0 = Release|iPhone
		{82E7D0CB-FDF1-4712-BEF4-E571EE9AADD6}.Release|iPhoneSimulator.ActiveCfg = Release|iPhoneSimulator
		{82E7D0CB-FDF1-4712-BEF4-E571EE9AADD6}.Release|iPhoneSimulator.Build.0 = Release|iPhoneSimulator
		{82E7D0CB-FDF1-4712-BEF4-E571EE9AADD6}.Release|iPhoneSimulator.Deploy.0 = Release|iPhoneSimulator
		{DCA59F60-9FAB-4BD7-BDE4-E55904B15098}.Debug|Any CPU.ActiveCfg = Debug|Any CPU
		{DCA59F60-9FAB-4BD7-BDE4-E55904B15098}.Debug|Any CPU.Build.0 = Debug|Any CPU
		{DCA59F60-9FAB-4BD7-BDE4-E55904B15098}.Debug|Any CPU.Deploy.0 = Debug|Any CPU
		{DCA59F60-9FAB-4BD7-BDE4-E55904B15098}.Debug|iPhone.ActiveCfg = Debug|Any CPU
		{DCA59F60-9FAB-4BD7-BDE4-E55904B15098}.Debug|iPhone.Build.0 = Debug|Any CPU
		{DCA59F60-9FAB-4BD7-BDE4-E55904B15098}.Debug|iPhone.Deploy.0 = Debug|Any CPU
		{DCA59F60-9FAB-4BD7-BDE4-E55904B15098}.Debug|iPhoneSimulator.ActiveCfg = Debug|Any CPU
		{DCA59F60-9FAB-4BD7-BDE4-E55904B15098}.Debug|iPhoneSimulator.Build.0 = Debug|Any CPU
		{DCA59F60-9FAB-4BD7-BDE4-E55904B15098}.Debug|iPhoneSimulator.Deploy.0 = Debug|Any CPU
		{DCA59F60-9FAB-4BD7-BDE4-E55904B15098}.Release|Any CPU.ActiveCfg = Release|Any CPU
		{DCA59F60-9FAB-4BD7-BDE4-E55904B15098}.Release|Any CPU.Build.0 = Release|Any CPU
		{DCA59F60-9FAB-4BD7-BDE4-E55904B15098}.Release|Any CPU.Deploy.0 = Release|Any CPU
		{DCA59F60-9FAB-4BD7-BDE4-E55904B15098}.Release|iPhone.ActiveCfg = Release|Any CPU
		{DCA59F60-9FAB-4BD7-BDE4-E55904B15098}.Release|iPhone.Build.0 = Release|Any CPU
		{DCA59F60-9FAB-4BD7-BDE4-E55904B15098}.Release|iPhone.Deploy.0 = Release|Any CPU
		{DCA59F60-9FAB-4BD7-BDE4-E55904B15098}.Release|iPhoneSimulator.ActiveCfg = Release|Any CPU
		{DCA59F60-9FAB-4BD7-BDE4-E55904B15098}.Release|iPhoneSimulator.Build.0 = Release|Any CPU
		{DCA59F60-9FAB-4BD7-BDE4-E55904B15098}.Release|iPhoneSimulator.Deploy.0 = Release|Any CPU
	EndGlobalSection
	GlobalSection(SolutionProperties) = preSolution
		HideSolutionNode = FALSE
	EndGlobalSection
	GlobalSection(ExtensibilityGlobals) = postSolution
		SolutionGuid = {47C5182E-5439-466D-9E61-872DF3027840}
	EndGlobalSection
EndGlobal
